<?xml version="1.0" encoding="utf-8"?>
<Project ToolsVersion="4.0" xmlns="http://schemas.microsoft.com/developer/msbuild/2003">
  <ItemGroup>
    <Filter Include="Source Files">
      <UniqueIdentifier>{4FC737F1-C7A5-4376-A066-2A32D752A2FF}</UniqueIdentifier>
      <Extensions>cpp;c;cc;cxx;def;odl;idl;hpj;bat;asm;asmx</Extensions>
    </Filter>
    <Filter Include="Header Files">
      <UniqueIdentifier>{93995380-89BD-4b04-88EB-625FBE52EBFB}</UniqueIdentifier>
      <Extensions>h;hh;hpp;hxx;hm;inl;inc;xsd</Extensions>
    </Filter>
    <Filter Include="Resource Files">
      <UniqueIdentifier>{67DA6AB6-F800-4c08-8B7A-83BB121AAD01}</UniqueIdentifier>
      <Extensions>rc;ico;cur;bmp;dlg;rc2;rct;bin;rgs;gif;jpg;jpeg;jpe;resx;tiff;tif;png;wav;mfcribbon-ms</Extensions>
    </Filter>
    <Filter Include="vikaCode">
      <UniqueIdentifier>{0e0e0dd8-2dbe-48f2-a315-4a68f0dc2de9}</UniqueIdentifier>
    </Filter>
    <Filter Include="dependencies">
      <UniqueIdentifier>{be7c894d-c672-4c46-a837-0ebef5d4fa2e}</UniqueIdentifier>
    </Filter>
  </ItemGroup>
  <ItemGroup>
    <ClInclude Include="stdafx.h">
      <Filter>Header Files</Filter>
    </ClInclude>
    <ClInclude Include="targetver.h">
      <Filter>Header Files</Filter>
    </ClInclude>
    <ClInclude Include="Resource.h">
      <Filter>Header Files</Filter>
    </ClInclude>
    <ClInclude Include="..\vikaCode\vikaApp.h">
      <Filter>vikaCode</Filter>
    </ClInclude>
    <ClInclude Include="..\..\..\VulkanSDK\1.0.30.0\Include\vulkan\vulkan.h">
      <Filter>dependencies</Filter>
    </ClInclude>
    <ClInclude Include="..\vikaCode\vikaDevice.h">
      <Filter>vikaCode</Filter>
    </ClInclude>
    <ClInclude Include="..\vikaCode\vikaSurface.h">
      <Filter>vikaCode</Filter>
    </ClInclude>
    <ClInclude Include="..\vikaCode\vikaCommandBuffer.h">
      <Filter>vikaCode</Filter>
    </ClInclude>
    <ClInclude Include="..\vikaCode\vikaSwapChain.h">
      <Filter>vikaCode</Filter>
    </ClInclude>
    <ClInclude Include="..\vikaCode\vikaDepthBuffer.h">
      <Filter>vikaCode</Filter>
    </ClInclude>
    <ClInclude Include="..\vikaCode\vikaPhysDevice.h">
      <Filter>vikaCode</Filter>
    </ClInclude>
    <ClInclude Include="..\vikaCode\vikaRenderPass.h">
      <Filter>vikaCode</Filter>
    </ClInclude>
    <ClInclude Include="..\vikaCode\vikaUniformBuffer.h">
      <Filter>vikaCode</Filter>
    </ClInclude>
    <ClInclude Include="..\vikaCode\vikaPipeline.h">
      <Filter>vikaCode</Filter>
    </ClInclude>
    <ClInclude Include="..\vikaCode\vikaDescriptorset.h">
      <Filter>vikaCode</Filter>
    </ClInclude>
    <ClInclude Include="..\vikaCode\vikaShaderModule.h">
      <Filter>vikaCode</Filter>
    </ClInclude>
    <ClInclude Include="..\vikaCode\vikaFrameBuffer.h">
      <Filter>vikaCode</Filter>
    </ClInclude>
    <ClInclude Include="..\vikaCode\vikaFence.h">
      <Filter>vikaCode</Filter>
    </ClInclude>
  </ItemGroup>
  <ItemGroup>
    <ClCompile Include="stdafx.cpp">
      <Filter>Source Files</Filter>
    </ClCompile>
    <ClCompile Include="vikaEngine.cpp">
      <Filter>Source Files</Filter>
    </ClCompile>
    <ClCompile Include="..\vikaCode\vikaApp.cpp">
      <Filter>vikaCode</Filter>
    </ClCompile>
    <ClCompile Include="..\vikaCode\vikaDevice.cpp">
      <Filter>vikaCode</Filter>
    </ClCompile>
    <ClCompile Include="..\vikaCode\vikaSurface.cpp">
      <Filter>vikaCode</Filter>
    </ClCompile>
    <ClCompile Include="..\vikaCode\vikaCommandBuffer.cpp">
      <Filter>vikaCode</Filter>
    </ClCompile>
    <ClCompile Include="..\vikaCode\vikaSwapChain.cpp">
      <Filter>vikaCode</Filter>
    </ClCompile>
    <ClCompile Include="..\vikaCode\vikaDepthBuffer.cpp">
      <Filter>vikaCode</Filter>
    </ClCompile>
    <ClCompile Include="..\vikaCode\vikaPhysDevice.cpp">
      <Filter>vikaCode</Filter>
    </ClCompile>
    <ClCompile Include="..\vikaCode\vikaRenderPass.cpp">
      <Filter>vikaCode</Filter>
    </ClCompile>
    <ClCompile Include="..\vikaCode\vikaUniformBuffer.cpp">
      <Filter>vikaCode</Filter>
    </ClCompile>
    <ClCompile Include="..\vikaCode\vikaPipeline.cpp">
      <Filter>vikaCode</Filter>
    </ClCompile>
    <ClCompile Include="..\vikaCode\vikaDescriptorset.cpp">
      <Filter>vikaCode</Filter>
    </ClCompile>
    <ClCompile Include="..\vikaCode\vikaShaderModule.cpp">
      <Filter>vikaCode</Filter>
    </ClCompile>
    <ClCompile Include="..\vikaCode\vikaFrameBuffer.cpp">
      <Filter>vikaCode</Filter>
    </ClCompile>
    <ClCompile Include="..\vikaCode\vikaFence.cpp">
      <Filter>vikaCode</Filter>
    </ClCompile>
  </ItemGroup>
  <ItemGroup>
    <ResourceCompile Include="vikaEngine.rc">
      <Filter>Resource Files</Filter>
    </ResourceCompile>
  </ItemGroup>
  <ItemGroup>
    <Image Include="small.ico">
      <Filter>Resource Files</Filter>
    </Image>
    <Image Include="vikaEngine.ico">
      <Filter>Resource Files</Filter>
    </Image>
  </ItemGroup>
</Project>